// !$*UTF8*$!
{
	archiveVersion = 1;
	classes = {
	};
	objectVersion = 77;
	objects = {

/* Begin PBXBuildFile section */
		AE8641F22D9E14E00062B99E /* SQLite in Frameworks */ = {isa = PBXBuildFile; productRef = AE8641F12D9E14E00062B99E /* SQLite */; };
/* End PBXBuildFile section */

/* Begin PBXContainerItemProxy section */
		AE86418C2D9E11520062B99E /* PBXContainerItemProxy */ = {
			isa = PBXContainerItemProxy;
			containerPortal = AE86416D2D9E11510062B99E /* Project object */;
			proxyType = 1;
			remoteGlobalIDString = AE8641742D9E11510062B99E;
			remoteInfo = taskmanager;
		};
		AE8641962D9E11520062B99E /* PBXContainerItemProxy */ = {
			isa = PBXContainerItemProxy;
			containerPortal = AE86416D2D9E11510062B99E /* Project object */;
			proxyType = 1;
			remoteGlobalIDString = AE8641742D9E11510062B99E;
			remoteInfo = taskmanager;
		};
/* End PBXContainerItemProxy section */

/* Begin PBXFileReference section */
		AE8641752D9E11510062B99E /* taskmanager.app */ = {isa = PBXFileReference; explicitFileType = wrapper.application; includeInIndex = 0; path = taskmanager.app; sourceTree = BUILT_PRODUCTS_DIR; };
		AE86418B2D9E11520062B99E /* taskmanagerTests.xctest */ = {isa = PBXFileReference; explicitFileType = wrapper.cfbundle; includeInIndex = 0; path = taskmanagerTests.xctest; sourceTree = BUILT_PRODUCTS_DIR; };
		AE8641952D9E11520062B99E /* taskmanagerUITests.xctest */ = {isa = PBXFileReference; explicitFileType = wrapper.cfbundle; includeInIndex = 0; path = taskmanagerUITests.xctest; sourceTree = BUILT_PRODUCTS_DIR; };
/* End PBXFileReference section */

/* Begin PBXFileSystemSynchronizedBuildFileExceptionSet section */
		AE8641E92D9E13F10062B99E /* Exceptions for "taskmanager" folder in "taskmanager" target */ = {
			isa = PBXFileSystemSynchronizedBuildFileExceptionSet;
			membershipExceptions = (
				Info.plist,
			);
			target = AE8641742D9E11510062B99E /* taskmanager */;
		};
/* End PBXFileSystemSynchronizedBuildFileExceptionSet section */

/* Begin PBXFileSystemSynchronizedRootGroup section */
		AE86418E2D9E11520062B99E /* taskmanagerTests */ = {
			isa = PBXFileSystemSynchronizedRootGroup;
			path = taskmanagerTests;
			sourceTree = "<group>";
		};
		AE8641982D9E11520062B99E /* taskmanagerUITests */ = {
			isa = PBXFileSystemSynchronizedRootGroup;
			path = taskmanagerUITests;
			sourceTree = "<group>";
		};
		AE8641DF2D9E13F10062B99E /* taskmanager */ = {
			isa = PBXFileSystemSynchronizedRootGroup;
			exceptions = (
				AE8641E92D9E13F10062B99E /* Exceptions for "taskmanager" folder in "taskmanager" target */,
			);
			path = taskmanager;
			sourceTree = "<group>";
		};
/* End PBXFileSystemSynchronizedRootGroup section */

/* Begin PBXFrameworksBuildPhase section */
		AE8641722D9E11510062B99E /* Frameworks */ = {
			isa = PBXFrameworksBuildPhase;
			buildActionMask = 2147483647;
			files = (
				AE8641F22D9E14E00062B99E /* SQLite in Frameworks */,
			);
			runOnlyForDeploymentPostprocessing = 0;
		};
		AE8641882D9E11520062B99E /* Frameworks */ = {
			isa = PBXFrameworksBuildPhase;
			buildActionMask = 2147483647;
			files = (
			);
			runOnlyForDeploymentPostprocessing = 0;
		};
		AE8641922D9E11520062B99E /* Frameworks */ = {
			isa = PBXFrameworksBuildPhase;
			buildActionMask = 2147483647;
			files = (
			);
			runOnlyForDeploymentPostprocessing = 0;
		};
/* End PBXFrameworksBuildPhase section */

/* Begin PBXGroup section */
		AE86416C2D9E11510062B99E = {
			isa = PBXGroup;
			children = (
				AE86418E2D9E11520062B99E /* taskmanagerTests */,
				AE8641982D9E11520062B99E /* taskmanagerUITests */,
				AE8641762D9E11510062B99E /* Products */,
				AE8641DF2D9E13F10062B99E /* taskmanager */,
			);
			sourceTree = "<group>";
		};
		AE8641762D9E11510062B99E /* Products */ = {
			isa = PBXGroup;
			children = (
				AE8641752D9E11510062B99E /* taskmanager.app */,
				AE86418B2D9E11520062B99E /* taskmanagerTests.xctest */,
				AE8641952D9E11520062B99E /* taskmanagerUITests.xctest */,
			);
			name = Products;
			sourceTree = "<group>";
		};
/* End PBXGroup section */

/* Begin PBXNativeTarget section */
		AE8641742D9E11510062B99E /* taskmanager */ = {
			isa = PBXNativeTarget;
			buildConfigurationList = AE86419E2D9E11520062B99E /* Build configuration list for PBXNativeTarget "taskmanager" */;
			buildPhases = (
				AE8641712D9E11510062B99E /* Sources */,
				AE8641722D9E11510062B99E /* Frameworks */,
				AE8641732D9E11510062B99E /* Resources */,
			);
			buildRules = (
			);
			dependencies = (
			);
			fileSystemSynchronizedGroups = (
				AE8641DF2D9E13F10062B99E /* taskmanager */,
			);
			name = taskmanager;
			packageProductDependencies = (
				AE8641F12D9E14E00062B99E /* SQLite */,
			);
			productName = taskmanager;
			productReference = AE8641752D9E11510062B99E /* taskmanager.app */;
			productType = "com.apple.product-type.application";
		};
		AE86418A2D9E11520062B99E /* taskmanagerTests */ = {
			isa = PBXNativeTarget;
			buildConfigurationList = AE8641A32D9E11520062B99E /* Build configuration list for PBXNativeTarget "taskmanagerTests" */;
			buildPhases = (
				AE8641872D9E11520062B99E /* Sources */,
				AE8641882D9E11520062B99E /* Frameworks */,
				AE8641892D9E11520062B99E /* Resources */,
			);
			buildRules = (
			);
			dependencies = (
				AE86418D2D9E11520062B99E /* PBXTargetDependency */,
			);
			fileSystemSynchronizedGroups = (
				AE86418E2D9E11520062B99E /* taskmanagerTests */,
			);
			name = taskmanagerTests;
			packageProductDependencies = (
			);
			productName = taskmanagerTests;
			productReference = AE86418B2D9E11520062B99E /* taskmanagerTests.xctest */;
			productType = "com.apple.product-type.bundle.unit-test";
		};
		AE8641942D9E11520062B99E /* taskmanagerUITests */ = {
			isa = PBXNativeTarget;
			buildConfigurationList = AE8641A62D9E11520062B99E /* Build configuration list for PBXNativeTarget "taskmanagerUITests" */;
			buildPhases = (
				AE8641912D9E11520062B99E /* Sources */,
				AE8641922D9E11520062B99E /* Frameworks */,
				AE8641932D9E11520062B99E /* Resources */,
			);
			buildRules = (
			);
			dependencies = (
				AE8641972D9E11520062B99E /* PBXTargetDependency */,
			);
			fileSystemSynchronizedGroups = (
				AE8641982D9E11520062B99E /* taskmanagerUITests */,
			);
			name = taskmanagerUITests;
			packageProductDependencies = (
			);
			productName = taskmanagerUITests;
			productReference = AE8641952D9E11520062B99E /* taskmanagerUITests.xctest */;
			productType = "com.apple.product-type.bundle.ui-testing";
		};
/* End PBXNativeTarget section */

/* Begin PBXProject section */
		AE86416D2D9E11510062B99E /* Project object */ = {
			isa = PBXProject;
			attributes = {
				BuildIndependentTargetsInParallel = 1;
				LastSwiftUpdateCheck = 1620;
				LastUpgradeCheck = 1620;
				TargetAttributes = {
					AE8641742D9E11510062B99E = {
						CreatedOnToolsVersion = 16.2;
					};
					AE86418A2D9E11520062B99E = {
						CreatedOnToolsVersion = 16.2;
						TestTargetID = AE8641742D9E11510062B99E;
					};
					AE8641942D9E11520062B99E = {
						CreatedOnToolsVersion = 16.2;
						TestTargetID = AE8641742D9E11510062B99E;
					};
				};
			};
			buildConfigurationList = AE8641702D9E11510062B99E /* Build configuration list for PBXProject "taskmanager" */;
			developmentRegion = en;
			hasScannedForEncodings = 0;
			knownRegions = (
				en,
				Base,
			);
			mainGroup = AE86416C2D9E11510062B99E;
			minimizedProjectReferenceProxies = 1;
			packageReferences = (
				AE8641A92D9E117B0062B99E /* XCRemoteSwiftPackageReference "SQLite.swift" */,
			);
			preferredProjectObjectVersion = 77;
			productRefGroup = AE8641762D9E11510062B99E /* Products */;
			projectDirPath = "";
			projectRoot = "";
			targets = (
				AE8641742D9E11510062B99E /* taskmanager */,
				AE86418A2D9E11520062B99E /* taskmanagerTests */,
				AE8641942D9E11520062B99E /* taskmanagerUITests */,
			);
		};
/* End PBXProject section */

/* Begin PBXResourcesBuildPhase section */
		AE8641732D9E11510062B99E /* Resources */ = {
			isa = PBXResourcesBuildPhase;
			buildActionMask = 2147483647;
			files = (
			);
			runOnlyForDeploymentPostprocessing = 0;
		};
		AE8641892D9E11520062B99E /* Resources */ = {
			isa = PBXResourcesBuildPhase;
			buildActionMask = 2147483647;
			files = (
			);
			runOnlyForDeploymentPostprocessing = 0;
		};
		AE8641932D9E11520062B99E /* Resources */ = {
			isa = PBXResourcesBuildPhase;
			buildActionMask = 2147483647;
			files = (
			);
			runOnlyForDeploymentPostprocessing = 0;
		};
/* End PBXResourcesBuildPhase section */

/* Begin PBXSourcesBuildPhase section */
		AE8641712D9E11510062B99E /* Sources */ = {
			isa = PBXSourcesBuildPhase;
			buildActionMask = 2147483647;
			files = (
			);
			runOnlyForDeploymentPostprocessing = 0;
		};
		AE8641872D9E11520062B99E /* Sources */ = {
			isa = PBXSourcesBuildPhase;
			buildActionMask = 2147483647;
			files = (
			);
			runOnlyForDeploymentPostprocessing = 0;
		};
		AE8641912D9E11520062B99E /* Sources */ = {
			isa = PBXSourcesBuildPhase;
			buildActionMask = 2147483647;
			files = (
			);
			runOnlyForDeploymentPostprocessing = 0;
		};
/* End PBXSourcesBuildPhase section */

/* Begin PBXTargetDependency section */
		AE86418D2D9E11520062B99E /* PBXTargetDependency */ = {
			isa = PBXTargetDependency;
			target = AE8641742D9E11510062B99E /* taskmanager */;
			targetProxy = AE86418C2D9E11520062B99E /* PBXContainerItemProxy */;
		};
		AE8641972D9E11520062B99E /* PBXTargetDependency */ = {
			isa = PBXTargetDependency;
			target = AE8641742D9E11510062B99E /* taskmanager */;
			targetProxy = AE8641962D9E11520062B99E /* PBXContainerItemProxy */;
		};
/* End PBXTargetDependency section */

/* Begin XCBuildConfiguration section */
		AE86419F2D9E11520062B99E /* Debug */ = {
			isa = XCBuildConfiguration;
			buildSettings = {
				ASSETCATALOG_COMPILER_APPICON_NAME = AppIcon;
				ASSETCATALOG_COMPILER_GLOBAL_ACCENT_COLOR_NAME = AccentColor;
				CODE_SIGN_STYLE = Automatic;
				CURRENT_PROJECT_VERSION = 1;
				GENERATE_INFOPLIST_FILE = YES;
				INFOPLIST_FILE = taskmanager/Info.plist;
				INFOPLIST_KEY_UIApplicationSupportsIndirectInputEvents = YES;
				INFOPLIST_KEY_UILaunchStoryboardName = LaunchScreen;
				INFOPLIST_KEY_UIMainStoryboardFile = Main;
				INFOPLIST_KEY_UISupportedInterfaceOrientations_iPad = "UIInterfaceOrientationPortrait UIInterfaceOrientationPortraitUpsideDown UIInterfaceOrientationLandscapeLeft UIInterfaceOrientationLandscapeRight";
				INFOPLIST_KEY_UISupportedInterfaceOrientations_iPhone = "UIInterfaceOrientationPortrait UIInterfaceOrientationLandscapeLeft UIInterfaceOrientationLandscapeRight";
				LD_RUNPATH_SEARCH_PATHS = (
					"$(inherited)",
					"@executable_path/Frameworks",
				);
				MARKETING_VERSION = 1.0;
				PRODUCT_BUNDLE_IDENTIFIER = com.COSCParag.taskmanager;
				PRODUCT_NAME = "$(TARGET_NAME)";
				SWIFT_EMIT_LOC_STRINGS = YES;
				SWIFT_VERSION = 5.0;
				TARGETED_DEVICE_FAMILY = "1,2";
			};
			name = Debug;
		};
		AE8641A02D9E11520062B99E /* Release */ = {
			isa = XCBuildConfiguration;
			buildSettings = {
				ASSETCATALOG_COMPILER_APPICON_NAME = AppIcon;
				ASSETCATALOG_COMPILER_GLOBAL_ACCENT_COLOR_NAME = AccentColor;
				CODE_SIGN_STYLE = Automatic;
				CURRENT_PROJECT_VERSION = 1;
				GENERATE_INFOPLIST_FILE = YES;
				INFOPLIST_FILE = taskmanager/Info.plist;
				INFOPLIST_KEY_UIApplicationSupportsIndirectInputEvents = YES;
				INFOPLIST_KEY_UILaunchStoryboardName = LaunchScreen;
				INFOPLIST_KEY_UIMainStoryboardFile = Main;
				INFOPLIST_KEY_UISupportedInterfaceOrientations_iPad = "UIInterfaceOrientationPortrait UIInterfaceOrientationPortraitUpsideDown UIInterfaceOrientationLandscapeLeft UIInterfaceOrientationLandscapeRight";
				INFOPLIST_KEY_UISupportedInterfaceOrientations_iPhone = "UIInterfaceOrientationPortrait UIInterfaceOrientationLandscapeLeft UIInterfaceOrientationLandscapeRight";
				LD_RUNPATH_SEARCH_PATHS = (
					"$(inherited)",
					"@executable_path/Frameworks",
				);
				MARKETING_VERSION = 1.0;
				PRODUCT_BUNDLE_IDENTIFIER = com.COSCParag.taskmanager;
				PRODUCT_NAME = "$(TARGET_NAME)";
				SWIFT_EMIT_LOC_STRINGS = YES;
				SWIFT_VERSION = 5.0;
				TARGETED_DEVICE_FAMILY = "1,2";
			};
			name = Release;
		};
		AE8641A12D9E11520062B99E /* Debug */ = {
			isa = XCBuildConfiguration;
			buildSettings = {
				ALWAYS_SEARCH_USER_PATHS = NO;
				ASSETCATALOG_COMPILER_GENERATE_SWIFT_ASSET_SYMBOL_EXTENSIONS = YES;
				CLANG_ANALYZER_NONNULL = YES;
				CLANG_ANALYZER_NUMBER_OBJECT_CONVERSION = YES_AGGRESSIVE;
				CLANG_CXX_LANGUAGE_STANDARD = "gnu++20";
				CLANG_ENABLE_MODULES = YES;
				CLANG_ENABLE_OBJC_ARC = YES;
				CLANG_ENABLE_OBJC_WEAK = YES;
				CLANG_WARN_BLOCK_CAPTURE_AUTORELEASING = YES;
				CLANG_WARN_BOOL_CONVERSION = YES;
				CLANG_WARN_COMMA = YES;
				CLANG_WARN_CONSTANT_CONVERSION = YES;
				CLANG_WARN_DEPRECATED_OBJC_IMPLEMENTATIONS = YES;
				CLANG_WARN_DIRECT_OBJC_ISA_USAGE = YES_ERROR;
				CLANG_WARN_DOCUMENTATION_COMMENTS = YES;
				CLANG_WARN_EMPTY_BODY = YES;
				CLANG_WARN_ENUM_CONVERSION = YES;
				CLANG_WARN_INFINITE_RECURSION = YES;
				CLANG_WARN_INT_CONVERSION = YES;
				CLANG_WARN_NON_LITERAL_NULL_CONVERSION = YES;
				CLANG_WARN_OBJC_IMPLICIT_RETAIN_SELF = YES;
				CLANG_WARN_OBJC_LITERAL_CONVERSION = YES;
				CLANG_WARN_OBJC_ROOT_CLASS = YES_ERROR;
				CLANG_WARN_QUOTED_INCLUDE_IN_FRAMEWORK_HEADER = YES;
				CLANG_WARN_RANGE_LOOP_ANALYSIS = YES;
				CLANG_WARN_STRICT_PROTOTYPES = YES;
				CLANG_WARN_SUSPICIOUS_MOVE = YES;
				CLANG_WARN_UNGUARDED_AVAILABILITY = YES_AGGRESSIVE;
				CLANG_WARN_UNREACHABLE_CODE = YES;
				CLANG_WARN__DUPLICATE_METHOD_MATCH = YES;
				COPY_PHASE_STRIP = NO;
				DEBUG_INFORMATION_FORMAT = dwarf;
				ENABLE_STRICT_OBJC_MSGSEND = YES;
				ENABLE_TESTABILITY = YES;
				ENABLE_USER_SCRIPT_SANDBOXING = YES;
				GCC_C_LANGUAGE_STANDARD = gnu17;
				GCC_DYNAMIC_NO_PIC = NO;
				GCC_NO_COMMON_BLOCKS = YES;
				GCC_OPTIMIZATION_LEVEL = 0;
				GCC_PREPROCESSOR_DEFINITIONS = (
					"DEBUG=1",
					"$(inherited)",
				);
				GCC_WARN_64_TO_32_BIT_CONVERSION = YES;
				GCC_WARN_ABOUT_RETURN_TYPE = YES_ERROR;
				GCC_WARN_UNDECLARED_SELECTOR = YES;
				GCC_WARN_UNINITIALIZED_AUTOS = YES_AGGRESSIVE;
				GCC_WARN_UNUSED_FUNCTION = YES;
				GCC_WARN_UNUSED_VARIABLE = YES;
				IPHONEOS_DEPLOYMENT_TARGET = 18.2;
				LOCALIZATION_PREFERS_STRING_CATALOGS = YES;
				MTL_ENABLE_DEBUG_INFO = INCLUDE_SOURCE;
				MTL_FAST_MATH = YES;
				ONLY_ACTIVE_ARCH = YES;
				SDKROOT = iphoneos;
				SWIFT_ACTIVE_COMPILATION_CONDITIONS = "DEBUG $(inherited)";
				SWIFT_OPTIMIZATION_LEVEL = "-Onone";
			};
			name = Debug;
		};
		AE8641A22D9E11520062B99E /* Release */ = {
			isa = XCBuildConfiguration;
			buildSettings = {
				ALWAYS_SEARCH_USER_PATHS = NO;
				ASSETCATALOG_COMPILER_GENERATE_SWIFT_ASSET_SYMBOL_EXTENSIONS = YES;
				CLANG_ANALYZER_NONNULL = YES;
				CLANG_ANALYZER_NUMBER_OBJECT_CONVERSION = YES_AGGRESSIVE;
				CLANG_CXX_LANGUAGE_STANDARD = "gnu++20";
				CLANG_ENABLE_MODULES = YES;
				CLANG_ENABLE_OBJC_ARC = YES;
				CLANG_ENABLE_OBJC_WEAK = YES;
				CLANG_WARN_BLOCK_CAPTURE_AUTORELEASING = YES;
				CLANG_WARN_BOOL_CONVERSION = YES;
				CLANG_WARN_COMMA = YES;
				CLANG_WARN_CONSTANT_CONVERSION = YES;
				CLANG_WARN_DEPRECATED_OBJC_IMPLEMENTATIONS = YES;
				CLANG_WARN_DIRECT_OBJC_ISA_USAGE = YES_ERROR;
				CLANG_WARN_DOCUMENTATION_COMMENTS = YES;
				CLANG_WARN_EMPTY_BODY = YES;
				CLANG_WARN_ENUM_CONVERSION = YES;
				CLANG_WARN_INFINITE_RECURSION = YES;
				CLANG_WARN_INT_CONVERSION = YES;
				CLANG_WARN_NON_LITERAL_NULL_CONVERSION = YES;
				CLANG_WARN_OBJC_IMPLICIT_RETAIN_SELF = YES;
				CLANG_WARN_OBJC_LITERAL_CONVERSION = YES;
				CLANG_WARN_OBJC_ROOT_CLASS = YES_ERROR;
				CLANG_WARN_QUOTED_INCLUDE_IN_FRAMEWORK_HEADER = YES;
				CLANG_WARN_RANGE_LOOP_ANALYSIS = YES;
				CLANG_WARN_STRICT_PROTOTYPES = YES;
				CLANG_WARN_SUSPICIOUS_MOVE = YES;
				CLANG_WARN_UNGUARDED_AVAILABILITY = YES_AGGRESSIVE;
				CLANG_WARN_UNREACHABLE_CODE = YES;
				CLANG_WARN__DUPLICATE_METHOD_MATCH = YES;
				COPY_PHASE_STRIP = NO;
				DEBUG_INFORMATION_FORMAT = "dwarf-with-dsym";
				ENABLE_NS_ASSERTIONS = NO;
				ENABLE_STRICT_OBJC_MSGSEND = YES;
				ENABLE_USER_SCRIPT_SANDBOXING = YES;
				GCC_C_LANGUAGE_STANDARD = gnu17;
				GCC_NO_COMMON_BLOCKS = YES;
				GCC_WARN_64_TO_32_BIT_CONVERSION = YES;
				GCC_WARN_ABOUT_RETURN_TYPE = YES_ERROR;
				GCC_WARN_UNDECLARED_SELECTOR = YES;
				GCC_WARN_UNINITIALIZED_AUTOS = YES_AGGRESSIVE;
				GCC_WARN_UNUSED_FUNCTION = YES;
				GCC_WARN_UNUSED_VARIABLE = YES;
				IPHONEOS_DEPLOYMENT_TARGET = 18.2;
				LOCALIZATION_PREFERS_STRING_CATALOGS = YES;
				MTL_ENABLE_DEBUG_INFO = NO;
				MTL_FAST_MATH = YES;
				SDKROOT = iphoneos;
				SWIFT_COMPILATION_MODE = wholemodule;
				VALIDATE_PRODUCT = YES;
			};
			name = Release;
		};
		AE8641A42D9E11520062B99E /* Debug */ = {
			isa = XCBuildConfiguration;
			buildSettings = {
				BUNDLE_LOADER = "$(TEST_HOST)";
				CODE_SIGN_STYLE = Automatic;
				CURRENT_PROJECT_VERSION = 1;
				GENERATE_INFOPLIST_FILE = YES;
				IPHONEOS_DEPLOYMENT_TARGET = 18.2;
				MARKETING_VERSION = 1.0;
				PRODUCT_BUNDLE_IDENTIFIER = com.COSCParag.taskmanagerTests;
				PRODUCT_NAME = "$(TARGET_NAME)";
				SWIFT_EMIT_LOC_STRINGS = NO;
				SWIFT_VERSION = 5.0;
				TARGETED_DEVICE_FAMILY = "1,2";
				TEST_HOST = "$(BUILT_PRODUCTS_DIR)/taskmanager.app/$(BUNDLE_EXECUTABLE_FOLDER_PATH)/taskmanager";
			};
			name = Debug;
		};
		AE8641A52D9E11520062B99E /* Release */ = {
			isa = XCBuildConfiguration;
			buildSettings = {
				BUNDLE_LOADER = "$(TEST_HOST)";
				CODE_SIGN_STYLE = Automatic;
				CURRENT_PROJECT_VERSION = 1;
				GENERATE_INFOPLIST_FILE = YES;
				IPHONEOS_DEPLOYMENT_TARGET = 18.2;
				MARKETING_VERSION = 1.0;
				PRODUCT_BUNDLE_IDENTIFIER = com.COSCParag.taskmanagerTests;
				PRODUCT_NAME = "$(TARGET_NAME)";
				SWIFT_EMIT_LOC_STRINGS = NO;
				SWIFT_VERSION = 5.0;
				TARGETED_DEVICE_FAMILY = "1,2";
				TEST_HOST = "$(BUILT_PRODUCTS_DIR)/taskmanager.app/$(BUNDLE_EXECUTABLE_FOLDER_PATH)/taskmanager";
			};
			name = Release;
		};
		AE8641A72D9E11520062B99E /* Debug */ = {
			isa = XCBuildConfiguration;
			buildSettings = {
				CODE_SIGN_STYLE = Automatic;
				CURRENT_PROJECT_VERSION = 1;
				GENERATE_INFOPLIST_FILE = YES;
				MARKETING_VERSION = 1.0;
				PRODUCT_BUNDLE_IDENTIFIER = com.COSCParag.taskmanagerUITests;
				PRODUCT_NAME = "$(TARGET_NAME)";
				SWIFT_EMIT_LOC_STRINGS = NO;
				SWIFT_VERSION = 5.0;
				TARGETED_DEVICE_FAMILY = "1,2";
				TEST_TARGET_NAME = taskmanager;
			};
			name = Debug;
		};
		AE8641A82D9E11520062B99E /* Release */ = {
			isa = XCBuildConfiguration;
			buildSettings = {
				CODE_SIGN_STYLE = Automatic;
				CURRENT_PROJECT_VERSION = 1;
				GENERATE_INFOPLIST_FILE = YES;
				MARKETING_VERSION = 1.0;
				PRODUCT_BUNDLE_IDENTIFIER = com.COSCParag.taskmanagerUITests;
				PRODUCT_NAME = "$(TARGET_NAME)";
				SWIFT_EMIT_LOC_STRINGS = NO;
				SWIFT_VERSION = 5.0;
				TARGETED_DEVICE_FAMILY = "1,2";
				TEST_TARGET_NAME = taskmanager;
			};
			name = Release;
		};
/* End XCBuildConfiguration section */

/* Begin XCConfigurationList section */
		AE8641702D9E11510062B99E /* Build configuration list for PBXProject "taskmanager" */ = {
			isa = XCConfigurationList;
			buildConfigurations = (
				AE8641A12D9E11520062B99E /* Debug */,
				AE8641A22D9E11520062B99E /* Release */,
			);
			defaultConfigurationIsVisible = 0;
			defaultConfigurationName = Release;
		};
		AE86419E2D9E11520062B99E /* Build configuration list for PBXNativeTarget "taskmanager" */ = {
			isa = XCConfigurationList;
			buildConfigurations = (
				AE86419F2D9E11520062B99E /* Debug */,
				AE8641A02D9E11520062B99E /* Release */,
			);
			defaultConfigurationIsVisible = 0;
			defaultConfigurationName = Release;
		};
		AE8641A32D9E11520062B99E /* Build configuration list for PBXNativeTarget "taskmanagerTests" */ = {
			isa = XCConfigurationList;
			buildConfigurations = (
				AE8641A42D9E11520062B99E /* Debug */,
				AE8641A52D9E11520062B99E /* Release */,
			);
			defaultConfigurationIsVisible = 0;
			defaultConfigurationName = Release;
		};
		AE8641A62D9E11520062B99E /* Build configuration list for PBXNativeTarget "taskmanagerUITests" */ = {
			isa = XCConfigurationList;
			buildConfigurations = (
				AE8641A72D9E11520062B99E /* Debug */,
				AE8641A82D9E11520062B99E /* Release */,
			);
			defaultConfigurationIsVisible = 0;
			defaultConfigurationName = Release;
		};
/* End XCConfigurationList section */

/* Begin XCRemoteSwiftPackageReference section */
		AE8641A92D9E117B0062B99E /* XCRemoteSwiftPackageReference "SQLite.swift" */ = {
			isa = XCRemoteSwiftPackageReference;
			repositoryURL = "https://github.com/stephencelis/SQLite.swift.git";
			requirement = {
				kind = upToNextMajorVersion;
				minimumVersion = 0.15.3;
			};
		};
/* End XCRemoteSwiftPackageReference section */

/* Begin XCSwiftPackageProductDependency section */
		AE8641F12D9E14E00062B99E /* SQLite */ = {
			isa = XCSwiftPackageProductDependency;
			package = AE8641A92D9E117B0062B99E /* XCRemoteSwiftPackageReference "SQLite.swift" */;
			productName = SQLite;
		};
/* End XCSwiftPackageProductDependency section */
	};
	rootObject = AE86416D2D9E11510062B99E /* Project object */;
}
