// !$*UTF8*$!
{
	archiveVersion = 1;
	classes = {
	};
	objectVersion = 77;
	objects = {

/* Begin PBXContainerItemProxy section */
		AE145AE92DA0663B002A550F /* PBXContainerItemProxy */ = {
			isa = PBXContainerItemProxy;
			containerPortal = AE145AC72DA0663A002A550F /* Project object */;
			proxyType = 1;
			remoteGlobalIDString = AE145ACE2DA0663A002A550F;
			remoteInfo = cargame;
		};
		AE145AF32DA0663B002A550F /* PBXContainerItemProxy */ = {
			isa = PBXContainerItemProxy;
			containerPortal = AE145AC72DA0663A002A550F /* Project object */;
			proxyType = 1;
			remoteGlobalIDString = AE145ACE2DA0663A002A550F;
			remoteInfo = cargame;
		};
/* End PBXContainerItemProxy section */

/* Begin PBXFileReference section */
		AE145ACF2DA0663A002A550F /* cargame.app */ = {isa = PBXFileReference; explicitFileType = wrapper.application; includeInIndex = 0; path = cargame.app; sourceTree = BUILT_PRODUCTS_DIR; };
		AE145AE82DA0663B002A550F /* cargameTests.xctest */ = {isa = PBXFileReference; explicitFileType = wrapper.cfbundle; includeInIndex = 0; path = cargameTests.xctest; sourceTree = BUILT_PRODUCTS_DIR; };
		AE145AF22DA0663B002A550F /* cargameUITests.xctest */ = {isa = PBXFileReference; explicitFileType = wrapper.cfbundle; includeInIndex = 0; path = cargameUITests.xctest; sourceTree = BUILT_PRODUCTS_DIR; };
/* End PBXFileReference section */

/* Begin PBXFileSystemSynchronizedRootGroup section */
		AE145AD12DA0663A002A550F /* cargame */ = {
			isa = PBXFileSystemSynchronizedRootGroup;
			path = cargame;
			sourceTree = "<group>";
		};
		AE145AEB2DA0663B002A550F /* cargameTests */ = {
			isa = PBXFileSystemSynchronizedRootGroup;
			path = cargameTests;
			sourceTree = "<group>";
		};
		AE145AF52DA0663B002A550F /* cargameUITests */ = {
			isa = PBXFileSystemSynchronizedRootGroup;
			path = cargameUITests;
			sourceTree = "<group>";
		};
/* End PBXFileSystemSynchronizedRootGroup section */

/* Begin PBXFrameworksBuildPhase section */
		AE145ACC2DA0663A002A550F /* Frameworks */ = {
			isa = PBXFrameworksBuildPhase;
			buildActionMask = 2147483647;
			files = (
			);
			runOnlyForDeploymentPostprocessing = 0;
		};
		AE145AE52DA0663B002A550F /* Frameworks */ = {
			isa = PBXFrameworksBuildPhase;
			buildActionMask = 2147483647;
			files = (
			);
			runOnlyForDeploymentPostprocessing = 0;
		};
		AE145AEF2DA0663B002A550F /* Frameworks */ = {
			isa = PBXFrameworksBuildPhase;
			buildActionMask = 2147483647;
			files = (
			);
			runOnlyForDeploymentPostprocessing = 0;
		};
/* End PBXFrameworksBuildPhase section */

/* Begin PBXGroup section */
		AE145AC62DA0663A002A550F = {
			isa = PBXGroup;
			children = (
				AE145AD12DA0663A002A550F /* cargame */,
				AE145AEB2DA0663B002A550F /* cargameTests */,
				AE145AF52DA0663B002A550F /* cargameUITests */,
				AE145AD02DA0663A002A550F /* Products */,
			);
			sourceTree = "<group>";
		};
		AE145AD02DA0663A002A550F /* Products */ = {
			isa = PBXGroup;
			children = (
				AE145ACF2DA0663A002A550F /* cargame.app */,
				AE145AE82DA0663B002A550F /* cargameTests.xctest */,
				AE145AF22DA0663B002A550F /* cargameUITests.xctest */,
			);
			name = Products;
			sourceTree = "<group>";
		};
/* End PBXGroup section */

/* Begin PBXNativeTarget section */
		AE145ACE2DA0663A002A550F /* cargame */ = {
			isa = PBXNativeTarget;
			buildConfigurationList = AE145AFC2DA0663B002A550F /* Build configuration list for PBXNativeTarget "cargame" */;
			buildPhases = (
				AE145ACB2DA0663A002A550F /* Sources */,
				AE145ACC2DA0663A002A550F /* Frameworks */,
				AE145ACD2DA0663A002A550F /* Resources */,
			);
			buildRules = (
			);
			dependencies = (
			);
			fileSystemSynchronizedGroups = (
				AE145AD12DA0663A002A550F /* cargame */,
			);
			name = cargame;
			packageProductDependencies = (
			);
			productName = cargame;
			productReference = AE145ACF2DA0663A002A550F /* cargame.app */;
			productType = "com.apple.product-type.application";
		};
		AE145AE72DA0663B002A550F /* cargameTests */ = {
			isa = PBXNativeTarget;
			buildConfigurationList = AE145AFF2DA0663B002A550F /* Build configuration list for PBXNativeTarget "cargameTests" */;
			buildPhases = (
				AE145AE42DA0663B002A550F /* Sources */,
				AE145AE52DA0663B002A550F /* Frameworks */,
				AE145AE62DA0663B002A550F /* Resources */,
			);
			buildRules = (
			);
			dependencies = (
				AE145AEA2DA0663B002A550F /* PBXTargetDependency */,
			);
			fileSystemSynchronizedGroups = (
				AE145AEB2DA0663B002A550F /* cargameTests */,
			);
			name = cargameTests;
			packageProductDependencies = (
			);
			productName = cargameTests;
			productReference = AE145AE82DA0663B002A550F /* cargameTests.xctest */;
			productType = "com.apple.product-type.bundle.unit-test";
		};
		AE145AF12DA0663B002A550F /* cargameUITests */ = {
			isa = PBXNativeTarget;
			buildConfigurationList = AE145B022DA0663B002A550F /* Build configuration list for PBXNativeTarget "cargameUITests" */;
			buildPhases = (
				AE145AEE2DA0663B002A550F /* Sources */,
				AE145AEF2DA0663B002A550F /* Frameworks */,
				AE145AF02DA0663B002A550F /* Resources */,
			);
			buildRules = (
			);
			dependencies = (
				AE145AF42DA0663B002A550F /* PBXTargetDependency */,
			);
			fileSystemSynchronizedGroups = (
				AE145AF52DA0663B002A550F /* cargameUITests */,
			);
			name = cargameUITests;
			packageProductDependencies = (
			);
			productName = cargameUITests;
			productReference = AE145AF22DA0663B002A550F /* cargameUITests.xctest */;
			productType = "com.apple.product-type.bundle.ui-testing";
		};
/* End PBXNativeTarget section */

/* Begin PBXProject section */
		AE145AC72DA0663A002A550F /* Project object */ = {
			isa = PBXProject;
			attributes = {
				BuildIndependentTargetsInParallel = 1;
				LastSwiftUpdateCheck = 1630;
				LastUpgradeCheck = 1630;
				TargetAttributes = {
					AE145ACE2DA0663A002A550F = {
						CreatedOnToolsVersion = 16.3;
					};
					AE145AE72DA0663B002A550F = {
						CreatedOnToolsVersion = 16.3;
						TestTargetID = AE145ACE2DA0663A002A550F;
					};
					AE145AF12DA0663B002A550F = {
						CreatedOnToolsVersion = 16.3;
						TestTargetID = AE145ACE2DA0663A002A550F;
					};
				};
			};
			buildConfigurationList = AE145ACA2DA0663A002A550F /* Build configuration list for PBXProject "cargame" */;
			developmentRegion = en;
			hasScannedForEncodings = 0;
			knownRegions = (
				en,
				Base,
			);
			mainGroup = AE145AC62DA0663A002A550F;
			minimizedProjectReferenceProxies = 1;
			preferredProjectObjectVersion = 77;
			productRefGroup = AE145AD02DA0663A002A550F /* Products */;
			projectDirPath = "";
			projectRoot = "";
			targets = (
				AE145ACE2DA0663A002A550F /* cargame */,
				AE145AE72DA0663B002A550F /* cargameTests */,
				AE145AF12DA0663B002A550F /* cargameUITests */,
			);
		};
/* End PBXProject section */

/* Begin PBXResourcesBuildPhase section */
		AE145ACD2DA0663A002A550F /* Resources */ = {
			isa = PBXResourcesBuildPhase;
			buildActionMask = 2147483647;
			files = (
			);
			runOnlyForDeploymentPostprocessing = 0;
		};
		AE145AE62DA0663B002A550F /* Resources */ = {
			isa = PBXResourcesBuildPhase;
			buildActionMask = 2147483647;
			files = (
			);
			runOnlyForDeploymentPostprocessing = 0;
		};
		AE145AF02DA0663B002A550F /* Resources */ = {
			isa = PBXResourcesBuildPhase;
			buildActionMask = 2147483647;
			files = (
			);
			runOnlyForDeploymentPostprocessing = 0;
		};
/* End PBXResourcesBuildPhase section */

/* Begin PBXSourcesBuildPhase section */
		AE145ACB2DA0663A002A550F /* Sources */ = {
			isa = PBXSourcesBuildPhase;
			buildActionMask = 2147483647;
			files = (
			);
			runOnlyForDeploymentPostprocessing = 0;
		};
		AE145AE42DA0663B002A550F /* Sources */ = {
			isa = PBXSourcesBuildPhase;
			buildActionMask = 2147483647;
			files = (
			);
			runOnlyForDeploymentPostprocessing = 0;
		};
		AE145AEE2DA0663B002A550F /* Sources */ = {
			isa = PBXSourcesBuildPhase;
			buildActionMask = 2147483647;
			files = (
			);
			runOnlyForDeploymentPostprocessing = 0;
		};
/* End PBXSourcesBuildPhase section */

/* Begin PBXTargetDependency section */
		AE145AEA2DA0663B002A550F /* PBXTargetDependency */ = {
			isa = PBXTargetDependency;
			target = AE145ACE2DA0663A002A550F /* cargame */;
			targetProxy = AE145AE92DA0663B002A550F /* PBXContainerItemProxy */;
		};
		AE145AF42DA0663B002A550F /* PBXTargetDependency */ = {
			isa = PBXTargetDependency;
			target = AE145ACE2DA0663A002A550F /* cargame */;
			targetProxy = AE145AF32DA0663B002A550F /* PBXContainerItemProxy */;
		};
/* End PBXTargetDependency section */

/* Begin XCBuildConfiguration section */
		AE145AFA2DA0663B002A550F /* Debug */ = {
			isa = XCBuildConfiguration;
			buildSettings = {
				ALWAYS_SEARCH_USER_PATHS = NO;
				ASSETCATALOG_COMPILER_GENERATE_SWIFT_ASSET_SYMBOL_EXTENSIONS = YES;
				CLANG_ANALYZER_NONNULL = YES;
				CLANG_ANALYZER_NUMBER_OBJECT_CONVERSION = YES_AGGRESSIVE;
				CLANG_CXX_LANGUAGE_STANDARD = "gnu++20";
				CLANG_ENABLE_MODULES = YES;
				CLANG_ENABLE_OBJC_ARC = YES;
				CLANG_ENABLE_OBJC_WEAK = YES;
				CLANG_WARN_BLOCK_CAPTURE_AUTORELEASING = YES;
				CLANG_WARN_BOOL_CONVERSION = YES;
				CLANG_WARN_COMMA = YES;
				CLANG_WARN_CONSTANT_CONVERSION = YES;
				CLANG_WARN_DEPRECATED_OBJC_IMPLEMENTATIONS = YES;
				CLANG_WARN_DIRECT_OBJC_ISA_USAGE = YES_ERROR;
				CLANG_WARN_DOCUMENTATION_COMMENTS = YES;
				CLANG_WARN_EMPTY_BODY = YES;
				CLANG_WARN_ENUM_CONVERSION = YES;
				CLANG_WARN_INFINITE_RECURSION = YES;
				CLANG_WARN_INT_CONVERSION = YES;
				CLANG_WARN_NON_LITERAL_NULL_CONVERSION = YES;
				CLANG_WARN_OBJC_IMPLICIT_RETAIN_SELF = YES;
				CLANG_WARN_OBJC_LITERAL_CONVERSION = YES;
				CLANG_WARN_OBJC_ROOT_CLASS = YES_ERROR;
				CLANG_WARN_QUOTED_INCLUDE_IN_FRAMEWORK_HEADER = YES;
				CLANG_WARN_RANGE_LOOP_ANALYSIS = YES;
				CLANG_WARN_STRICT_PROTOTYPES = YES;
				CLANG_WARN_SUSPICIOUS_MOVE = YES;
				CLANG_WARN_UNGUARDED_AVAILABILITY = YES_AGGRESSIVE;
				CLANG_WARN_UNREACHABLE_CODE = YES;
				CLANG_WARN__DUPLICATE_METHOD_MATCH = YES;
				COPY_PHASE_STRIP = NO;
				DEBUG_INFORMATION_FORMAT = dwarf;
				ENABLE_STRICT_OBJC_MSGSEND = YES;
				ENABLE_TESTABILITY = YES;
				ENABLE_USER_SCRIPT_SANDBOXING = YES;
				GCC_C_LANGUAGE_STANDARD = gnu17;
				GCC_DYNAMIC_NO_PIC = NO;
				GCC_NO_COMMON_BLOCKS = YES;
				GCC_OPTIMIZATION_LEVEL = 0;
				GCC_PREPROCESSOR_DEFINITIONS = (
					"DEBUG=1",
					"$(inherited)",
				);
				GCC_WARN_64_TO_32_BIT_CONVERSION = YES;
				GCC_WARN_ABOUT_RETURN_TYPE = YES_ERROR;
				GCC_WARN_UNDECLARED_SELECTOR = YES;
				GCC_WARN_UNINITIALIZED_AUTOS = YES_AGGRESSIVE;
				GCC_WARN_UNUSED_FUNCTION = YES;
				GCC_WARN_UNUSED_VARIABLE = YES;
				IPHONEOS_DEPLOYMENT_TARGET = 18.4;
				LOCALIZATION_PREFERS_STRING_CATALOGS = YES;
				MTL_ENABLE_DEBUG_INFO = INCLUDE_SOURCE;
				MTL_FAST_MATH = YES;
				ONLY_ACTIVE_ARCH = YES;
				SDKROOT = iphoneos;
				SWIFT_ACTIVE_COMPILATION_CONDITIONS = "DEBUG $(inherited)";
				SWIFT_OPTIMIZATION_LEVEL = "-Onone";
			};
			name = Debug;
		};
		AE145AFB2DA0663B002A550F /* Release */ = {
			isa = XCBuildConfiguration;
			buildSettings = {
				ALWAYS_SEARCH_USER_PATHS = NO;
				ASSETCATALOG_COMPILER_GENERATE_SWIFT_ASSET_SYMBOL_EXTENSIONS = YES;
				CLANG_ANALYZER_NONNULL = YES;
				CLANG_ANALYZER_NUMBER_OBJECT_CONVERSION = YES_AGGRESSIVE;
				CLANG_CXX_LANGUAGE_STANDARD = "gnu++20";
				CLANG_ENABLE_MODULES = YES;
				CLANG_ENABLE_OBJC_ARC = YES;
				CLANG_ENABLE_OBJC_WEAK = YES;
				CLANG_WARN_BLOCK_CAPTURE_AUTORELEASING = YES;
				CLANG_WARN_BOOL_CONVERSION = YES;
				CLANG_WARN_COMMA = YES;
				CLANG_WARN_CONSTANT_CONVERSION = YES;
				CLANG_WARN_DEPRECATED_OBJC_IMPLEMENTATIONS = YES;
				CLANG_WARN_DIRECT_OBJC_ISA_USAGE = YES_ERROR;
				CLANG_WARN_DOCUMENTATION_COMMENTS = YES;
				CLANG_WARN_EMPTY_BODY = YES;
				CLANG_WARN_ENUM_CONVERSION = YES;
				CLANG_WARN_INFINITE_RECURSION = YES;
				CLANG_WARN_INT_CONVERSION = YES;
				CLANG_WARN_NON_LITERAL_NULL_CONVERSION = YES;
				CLANG_WARN_OBJC_IMPLICIT_RETAIN_SELF = YES;
				CLANG_WARN_OBJC_LITERAL_CONVERSION = YES;
				CLANG_WARN_OBJC_ROOT_CLASS = YES_ERROR;
				CLANG_WARN_QUOTED_INCLUDE_IN_FRAMEWORK_HEADER = YES;
				CLANG_WARN_RANGE_LOOP_ANALYSIS = YES;
				CLANG_WARN_STRICT_PROTOTYPES = YES;
				CLANG_WARN_SUSPICIOUS_MOVE = YES;
				CLANG_WARN_UNGUARDED_AVAILABILITY = YES_AGGRESSIVE;
				CLANG_WARN_UNREACHABLE_CODE = YES;
				CLANG_WARN__DUPLICATE_METHOD_MATCH = YES;
				COPY_PHASE_STRIP = NO;
				DEBUG_INFORMATION_FORMAT = "dwarf-with-dsym";
				ENABLE_NS_ASSERTIONS = NO;
				ENABLE_STRICT_OBJC_MSGSEND = YES;
				ENABLE_USER_SCRIPT_SANDBOXING = YES;
				GCC_C_LANGUAGE_STANDARD = gnu17;
				GCC_NO_COMMON_BLOCKS = YES;
				GCC_WARN_64_TO_32_BIT_CONVERSION = YES;
				GCC_WARN_ABOUT_RETURN_TYPE = YES_ERROR;
				GCC_WARN_UNDECLARED_SELECTOR = YES;
				GCC_WARN_UNINITIALIZED_AUTOS = YES_AGGRESSIVE;
				GCC_WARN_UNUSED_FUNCTION = YES;
				GCC_WARN_UNUSED_VARIABLE = YES;
				IPHONEOS_DEPLOYMENT_TARGET = 18.4;
				LOCALIZATION_PREFERS_STRING_CATALOGS = YES;
				MTL_ENABLE_DEBUG_INFO = NO;
				MTL_FAST_MATH = YES;
				SDKROOT = iphoneos;
				SWIFT_COMPILATION_MODE = wholemodule;
				VALIDATE_PRODUCT = YES;
			};
			name = Release;
		};
		AE145AFD2DA0663B002A550F /* Debug */ = {
			isa = XCBuildConfiguration;
			buildSettings = {
				ASSETCATALOG_COMPILER_APPICON_NAME = AppIcon;
				ASSETCATALOG_COMPILER_GLOBAL_ACCENT_COLOR_NAME = AccentColor;
				CODE_SIGN_STYLE = Automatic;
				CURRENT_PROJECT_VERSION = 1;
				GENERATE_INFOPLIST_FILE = YES;
				INFOPLIST_KEY_UIApplicationSupportsIndirectInputEvents = YES;
				INFOPLIST_KEY_UILaunchStoryboardName = LaunchScreen;
				INFOPLIST_KEY_UIMainStoryboardFile = Main;
				INFOPLIST_KEY_UIStatusBarHidden = YES;
				INFOPLIST_KEY_UISupportedInterfaceOrientations_iPad = "UIInterfaceOrientationPortrait UIInterfaceOrientationPortraitUpsideDown UIInterfaceOrientationLandscapeLeft UIInterfaceOrientationLandscapeRight";
				INFOPLIST_KEY_UISupportedInterfaceOrientations_iPhone = "UIInterfaceOrientationPortrait UIInterfaceOrientationLandscapeLeft UIInterfaceOrientationLandscapeRight";
				LD_RUNPATH_SEARCH_PATHS = (
					"$(inherited)",
					"@executable_path/Frameworks",
				);
				MARKETING_VERSION = 1.0;
				PRODUCT_BUNDLE_IDENTIFIER = com.COSCParag.cargame;
				PRODUCT_NAME = "$(TARGET_NAME)";
				SWIFT_EMIT_LOC_STRINGS = YES;
				SWIFT_VERSION = 5.0;
				TARGETED_DEVICE_FAMILY = "1,2";
			};
			name = Debug;
		};
		AE145AFE2DA0663B002A550F /* Release */ = {
			isa = XCBuildConfiguration;
			buildSettings = {
				ASSETCATALOG_COMPILER_APPICON_NAME = AppIcon;
				ASSETCATALOG_COMPILER_GLOBAL_ACCENT_COLOR_NAME = AccentColor;
				CODE_SIGN_STYLE = Automatic;
				CURRENT_PROJECT_VERSION = 1;
				GENERATE_INFOPLIST_FILE = YES;
				INFOPLIST_KEY_UIApplicationSupportsIndirectInputEvents = YES;
				INFOPLIST_KEY_UILaunchStoryboardName = LaunchScreen;
				INFOPLIST_KEY_UIMainStoryboardFile = Main;
				INFOPLIST_KEY_UIStatusBarHidden = YES;
				INFOPLIST_KEY_UISupportedInterfaceOrientations_iPad = "UIInterfaceOrientationPortrait UIInterfaceOrientationPortraitUpsideDown UIInterfaceOrientationLandscapeLeft UIInterfaceOrientationLandscapeRight";
				INFOPLIST_KEY_UISupportedInterfaceOrientations_iPhone = "UIInterfaceOrientationPortrait UIInterfaceOrientationLandscapeLeft UIInterfaceOrientationLandscapeRight";
				LD_RUNPATH_SEARCH_PATHS = (
					"$(inherited)",
					"@executable_path/Frameworks",
				);
				MARKETING_VERSION = 1.0;
				PRODUCT_BUNDLE_IDENTIFIER = com.COSCParag.cargame;
				PRODUCT_NAME = "$(TARGET_NAME)";
				SWIFT_EMIT_LOC_STRINGS = YES;
				SWIFT_VERSION = 5.0;
				TARGETED_DEVICE_FAMILY = "1,2";
			};
			name = Release;
		};
		AE145B002DA0663B002A550F /* Debug */ = {
			isa = XCBuildConfiguration;
			buildSettings = {
				BUNDLE_LOADER = "$(TEST_HOST)";
				CODE_SIGN_STYLE = Automatic;
				CURRENT_PROJECT_VERSION = 1;
				GENERATE_INFOPLIST_FILE = YES;
				IPHONEOS_DEPLOYMENT_TARGET = 18.4;
				MARKETING_VERSION = 1.0;
				PRODUCT_BUNDLE_IDENTIFIER = com.COSCParag.cargameTests;
				PRODUCT_NAME = "$(TARGET_NAME)";
				SWIFT_EMIT_LOC_STRINGS = NO;
				SWIFT_VERSION = 5.0;
				TARGETED_DEVICE_FAMILY = "1,2";
				TEST_HOST = "$(BUILT_PRODUCTS_DIR)/cargame.app/$(BUNDLE_EXECUTABLE_FOLDER_PATH)/cargame";
			};
			name = Debug;
		};
		AE145B012DA0663B002A550F /* Release */ = {
			isa = XCBuildConfiguration;
			buildSettings = {
				BUNDLE_LOADER = "$(TEST_HOST)";
				CODE_SIGN_STYLE = Automatic;
				CURRENT_PROJECT_VERSION = 1;
				GENERATE_INFOPLIST_FILE = YES;
				IPHONEOS_DEPLOYMENT_TARGET = 18.4;
				MARKETING_VERSION = 1.0;
				PRODUCT_BUNDLE_IDENTIFIER = com.COSCParag.cargameTests;
				PRODUCT_NAME = "$(TARGET_NAME)";
				SWIFT_EMIT_LOC_STRINGS = NO;
				SWIFT_VERSION = 5.0;
				TARGETED_DEVICE_FAMILY = "1,2";
				TEST_HOST = "$(BUILT_PRODUCTS_DIR)/cargame.app/$(BUNDLE_EXECUTABLE_FOLDER_PATH)/cargame";
			};
			name = Release;
		};
		AE145B032DA0663B002A550F /* Debug */ = {
			isa = XCBuildConfiguration;
			buildSettings = {
				CODE_SIGN_STYLE = Automatic;
				CURRENT_PROJECT_VERSION = 1;
				GENERATE_INFOPLIST_FILE = YES;
				MARKETING_VERSION = 1.0;
				PRODUCT_BUNDLE_IDENTIFIER = com.COSCParag.cargameUITests;
				PRODUCT_NAME = "$(TARGET_NAME)";
				SWIFT_EMIT_LOC_STRINGS = NO;
				SWIFT_VERSION = 5.0;
				TARGETED_DEVICE_FAMILY = "1,2";
				TEST_TARGET_NAME = cargame;
			};
			name = Debug;
		};
		AE145B042DA0663B002A550F /* Release */ = {
			isa = XCBuildConfiguration;
			buildSettings = {
				CODE_SIGN_STYLE = Automatic;
				CURRENT_PROJECT_VERSION = 1;
				GENERATE_INFOPLIST_FILE = YES;
				MARKETING_VERSION = 1.0;
				PRODUCT_BUNDLE_IDENTIFIER = com.COSCParag.cargameUITests;
				PRODUCT_NAME = "$(TARGET_NAME)";
				SWIFT_EMIT_LOC_STRINGS = NO;
				SWIFT_VERSION = 5.0;
				TARGETED_DEVICE_FAMILY = "1,2";
				TEST_TARGET_NAME = cargame;
			};
			name = Release;
		};
/* End XCBuildConfiguration section */

/* Begin XCConfigurationList section */
		AE145ACA2DA0663A002A550F /* Build configuration list for PBXProject "cargame" */ = {
			isa = XCConfigurationList;
			buildConfigurations = (
				AE145AFA2DA0663B002A550F /* Debug */,
				AE145AFB2DA0663B002A550F /* Release */,
			);
			defaultConfigurationIsVisible = 0;
			defaultConfigurationName = Release;
		};
		AE145AFC2DA0663B002A550F /* Build configuration list for PBXNativeTarget "cargame" */ = {
			isa = XCConfigurationList;
			buildConfigurations = (
				AE145AFD2DA0663B002A550F /* Debug */,
				AE145AFE2DA0663B002A550F /* Release */,
			);
			defaultConfigurationIsVisible = 0;
			defaultConfigurationName = Release;
		};
		AE145AFF2DA0663B002A550F /* Build configuration list for PBXNativeTarget "cargameTests" */ = {
			isa = XCConfigurationList;
			buildConfigurations = (
				AE145B002DA0663B002A550F /* Debug */,
				AE145B012DA0663B002A550F /* Release */,
			);
			defaultConfigurationIsVisible = 0;
			defaultConfigurationName = Release;
		};
		AE145B022DA0663B002A550F /* Build configuration list for PBXNativeTarget "cargameUITests" */ = {
			isa = XCConfigurationList;
			buildConfigurations = (
				AE145B032DA0663B002A550F /* Debug */,
				AE145B042DA0663B002A550F /* Release */,
			);
			defaultConfigurationIsVisible = 0;
			defaultConfigurationName = Release;
		};
/* End XCConfigurationList section */
	};
	rootObject = AE145AC72DA0663A002A550F /* Project object */;
}
